<?xml version="1.0" encoding="utf-8"?>
<Project ToolsVersion="4.0" xmlns="http://schemas.microsoft.com/developer/msbuild/2003">
  <ItemGroup>
    <Filter Include="Source Files">
      <UniqueIdentifier>{4FC737F1-C7A5-4376-A066-2A32D752A2FF}</UniqueIdentifier>
      <Extensions>cpp;c;cc;cxx;def;odl;idl;hpj;bat;asm;asmx</Extensions>
    </Filter>
    <Filter Include="Header Files">
      <UniqueIdentifier>{93995380-89BD-4b04-88EB-625FBE52EBFB}</UniqueIdentifier>
      <Extensions>h;hpp;hxx;hm;inl;inc;xsd</Extensions>
    </Filter>
    <Filter Include="Resource Files">
      <UniqueIdentifier>{67DA6AB6-F800-4c08-8B7A-83BB121AAD01}</UniqueIdentifier>
      <Extensions>rc;ico;cur;bmp;dlg;rc2;rct;bin;rgs;gif;jpg;jpeg;jpe;resx;tiff;tif;png;wav;mfcribbon-ms</Extensions>
    </Filter>
  </ItemGroup>
  <ItemGroup>
    <None Include="ReadMe.txt" />
  </ItemGroup>
  <ItemGroup>
    <ClInclude Include="stdafx.h">
      <Filter>Header Files</Filter>
    </ClInclude>
    <ClInclude Include="targetver.h">
      <Filter>Header Files</Filter>
    </ClInclude>
    <ClInclude Include="image.h">
      <Filter>Header Files</Filter>
    </ClInclude>
    <ClInclude Include="tmatrix.h">
      <Filter>Header Files</Filter>
    </ClInclude>
    <ClInclude Include="tvector.h">
      <Filter>Header Files</Filter>
    </ClInclude>
    <ClInclude Include="tray.h">
      <Filter>Header Files</Filter>
    </ClInclude>
    <ClInclude Include="mathex.h">
      <Filter>Header Files</Filter>
    </ClInclude>
    <ClInclude Include="Cube.h">
      <Filter>Header Files</Filter>
    </ClInclude>
    <ClInclude Include="Math\BoundingBox.h">
      <Filter>Header Files</Filter>
    </ClInclude>
    <ClInclude Include="Math\BoundingFrustum.h">
      <Filter>Header Files</Filter>
    </ClInclude>
    <ClInclude Include="Math\BoundingSphere.h">
      <Filter>Header Files</Filter>
    </ClInclude>
    <ClInclude Include="Math\MathOperators.h">
      <Filter>Header Files</Filter>
    </ClInclude>
    <ClInclude Include="Math\Matrix.h">
      <Filter>Header Files</Filter>
    </ClInclude>
    <ClInclude Include="Math\MatrixStack.h">
      <Filter>Header Files</Filter>
    </ClInclude>
    <ClInclude Include="Math\Plane.h">
      <Filter>Header Files</Filter>
    </ClInclude>
    <ClInclude Include="Math\Quaternion.h">
      <Filter>Header Files</Filter>
    </ClInclude>
    <ClInclude Include="Math\RectangleInt.h">
      <Filter>Header Files</Filter>
    </ClInclude>
    <ClInclude Include="Math\RMath.h">
      <Filter>Header Files</Filter>
    </ClInclude>
    <ClInclude Include="Math\stdinc.h">
      <Filter>Header Files</Filter>
    </ClInclude>
    <ClInclude Include="Math\Vector2.h">
      <Filter>Header Files</Filter>
    </ClInclude>
    <ClInclude Include="Math\Vector3.h">
      <Filter>Header Files</Filter>
    </ClInclude>
    <ClInclude Include="BaseObject.h">
      <Filter>Header Files</Filter>
    </ClInclude>
    <ClInclude Include="Intersection.h">
      <Filter>Source Files</Filter>
    </ClInclude>
  </ItemGroup>
  <ItemGroup>
    <ClCompile Include="stdafx.cpp">
      <Filter>Source Files</Filter>
    </ClCompile>
    <ClCompile Include="Chestie.cpp">
      <Filter>Source Files</Filter>
    </ClCompile>
    <ClCompile Include="Image.cpp">
      <Filter>Source Files</Filter>
    </ClCompile>
    <ClCompile Include="Tvector.cpp">
      <Filter>Source Files</Filter>
    </ClCompile>
    <ClCompile Include="Tray.cpp">
      <Filter>Source Files</Filter>
    </ClCompile>
    <ClCompile Include="Tmatrix.cpp">
      <Filter>Source Files</Filter>
    </ClCompile>
    <ClCompile Include="Math\BoundingBox.cpp">
      <Filter>Header Files</Filter>
    </ClCompile>
    <ClCompile Include="Math\BoundingFrustum.cpp">
      <Filter>Header Files</Filter>
    </ClCompile>
    <ClCompile Include="Math\Matrix.cpp">
      <Filter>Header Files</Filter>
    </ClCompile>
    <ClCompile Include="Math\MatrixStack.cpp">
      <Filter>Header Files</Filter>
    </ClCompile>
    <ClCompile Include="Math\Plane.cpp">
      <Filter>Header Files</Filter>
    </ClCompile>
    <ClCompile Include="Math\Quaternion.cpp">
      <Filter>Header Files</Filter>
    </ClCompile>
    <ClCompile Include="Math\RMath.cpp">
      <Filter>Header Files</Filter>
    </ClCompile>
    <ClCompile Include="Math\Vector2.cpp">
      <Filter>Header Files</Filter>
    </ClCompile>
    <ClCompile Include="Math\Vector3.cpp">
      <Filter>Header Files</Filter>
    </ClCompile>
    <ClCompile Include="BaseObject.cpp">
      <Filter>Source Files</Filter>
    </ClCompile>
    <ClCompile Include="Intersection.cpp">
      <Filter>Source Files</Filter>
    </ClCompile>
  </ItemGroup>
</Project>